{
  "name": "markie-framework",
  "version": "0.1.0",
  "lockfileVersion": 3,
  "requires": true,
  "packages": {
    "": {
      "name": "markie-framework",
      "version": "0.1.0",
      "bin": {
        "markie": "src/cli.js"
      },
      "engines": {
        "node": ">=20"
      }
    }
  }
}
